// !$*UTF8*$!
{
	archiveVersion = 1;
	classes = {
	};
	objectVersion = 56;
	objects = {

/* Begin PBXBuildFile section */
		BF0000000000000000000001 /* Constants.swift in Sources */ = {isa = PBXBuildFile; fileRef = FR0000000000000000000001 /* Constants.swift */; };
		BF0000000000000000000002 /* SettingsMigration.swift in Sources */ = {isa = PBXBuildFile; fileRef = FR0000000000000000000002 /* SettingsMigration.swift */; };
		BF0000000000000000000003 /* SlapPaperApp.swift in Sources */ = {isa = PBXBuildFile; fileRef = FR0000000000000000000003 /* SlapPaperApp.swift */; };
		BF0000000000000000000004 /* AppController.swift in Sources */ = {isa = PBXBuildFile; fileRef = FR0000000000000000000004 /* AppController.swift */; };
		BF0000000000000000000005 /* MottoStore.swift in Sources */ = {isa = PBXBuildFile; fileRef = FR0000000000000000000005 /* MottoStore.swift */; };
		BF0000000000000000000006 /* GenerationState.swift in Sources */ = {isa = PBXBuildFile; fileRef = FR0000000000000000000006 /* GenerationState.swift */; };
		BF0000000000000000000007 /* TextLayout.swift in Sources */ = {isa = PBXBuildFile; fileRef = FR0000000000000000000007 /* TextLayout.swift */; };
		BF0000000000000000000008 /* WallpaperGenerator.swift in Sources */ = {isa = PBXBuildFile; fileRef = FR0000000000000000000008 /* WallpaperGenerator.swift */; };
		BF0000000000000000000009 /* FinderWatcher.swift in Sources */ = {isa = PBXBuildFile; fileRef = FR0000000000000000000009 /* FinderWatcher.swift */; };
		BF000000000000000000000A /* MottoEditorView.swift in Sources */ = {isa = PBXBuildFile; fileRef = FR000000000000000000000A /* MottoEditorView.swift */; };
		BF000000000000000000000B /* motto.json in Resources */ = {isa = PBXBuildFile; fileRef = FR000000000000000000000B /* motto.json */; };
		BF000000000000000000000C /* Assets.xcassets in Resources */ = {isa = PBXBuildFile; fileRef = FR000000000000000000000C /* Assets.xcassets */; };
		BF0000000000000000000101 /* SlapPaperTests.swift in Sources */ = {isa = PBXBuildFile; fileRef = FR0000000000000000000101 /* SlapPaperTests.swift */; };
/* End PBXBuildFile section */

/* Begin PBXFileReference section */
		FR0000000000000000000001 /* Constants.swift */ = {isa = PBXFileReference; lastKnownFileType = sourcecode.swift; path = Constants.swift; sourceTree = "<group>"; };
		FR0000000000000000000002 /* SettingsMigration.swift */ = {isa = PBXFileReference; lastKnownFileType = sourcecode.swift; path = SettingsMigration.swift; sourceTree = "<group>"; };
		FR0000000000000000000003 /* SlapPaperApp.swift */ = {isa = PBXFileReference; lastKnownFileType = sourcecode.swift; path = SlapPaperApp.swift; sourceTree = "<group>"; };
		FR0000000000000000000004 /* AppController.swift */ = {isa = PBXFileReference; lastKnownFileType = sourcecode.swift; path = AppController.swift; sourceTree = "<group>"; };
		FR0000000000000000000005 /* MottoStore.swift */ = {isa = PBXFileReference; lastKnownFileType = sourcecode.swift; path = MottoStore.swift; sourceTree = "<group>"; };
		FR0000000000000000000006 /* GenerationState.swift */ = {isa = PBXFileReference; lastKnownFileType = sourcecode.swift; path = GenerationState.swift; sourceTree = "<group>"; };
		FR0000000000000000000007 /* TextLayout.swift */ = {isa = PBXFileReference; lastKnownFileType = sourcecode.swift; path = TextLayout.swift; sourceTree = "<group>"; };
		FR0000000000000000000008 /* WallpaperGenerator.swift */ = {isa = PBXFileReference; lastKnownFileType = sourcecode.swift; path = WallpaperGenerator.swift; sourceTree = "<group>"; };
		FR0000000000000000000009 /* FinderWatcher.swift */ = {isa = PBXFileReference; lastKnownFileType = sourcecode.swift; path = FinderWatcher.swift; sourceTree = "<group>"; };
		FR000000000000000000000A /* MottoEditorView.swift */ = {isa = PBXFileReference; lastKnownFileType = sourcecode.swift; path = MottoEditorView.swift; sourceTree = "<group>"; };
		FR000000000000000000000B /* motto.json */ = {isa = PBXFileReference; lastKnownFileType = text.json; path = motto.json; sourceTree = "<group>"; };
		FR000000000000000000000C /* Assets.xcassets */ = {isa = PBXFileReference; lastKnownFileType = folder.assetcatalog; path = Assets.xcassets; sourceTree = "<group>"; };
		FR00000000000000000000E1 /* SlapPaper.app */ = {isa = PBXFileReference; explicitFileType = wrapper.application; includeInIndex = 0; path = SlapPaper.app; sourceTree = BUILT_PRODUCTS_DIR; };
		FR00000000000000000000E2 /* SlapPaperTests.xctest */ = {isa = PBXFileReference; explicitFileType = wrapper.cfbundle; includeInIndex = 0; path = SlapPaperTests.xctest; sourceTree = BUILT_PRODUCTS_DIR; };
		FR0000000000000000000101 /* SlapPaperTests.swift */ = {isa = PBXFileReference; lastKnownFileType = sourcecode.swift; path = SlapPaperTests.swift; sourceTree = "<group>"; };
/* End PBXFileReference section */

/* Begin PBXFrameworksBuildPhase section */
		FW0000000000000000000001 /* Frameworks */ = {
			isa = PBXFrameworksBuildPhase;
			buildActionMask = 2147483647;
			files = (
			);
			runOnlyForDeploymentPostprocessing = 0;
		};
		FW0000000000000000000002 /* Frameworks */ = {
			isa = PBXFrameworksBuildPhase;
			buildActionMask = 2147483647;
			files = (
			);
			runOnlyForDeploymentPostprocessing = 0;
		};
/* End PBXFrameworksBuildPhase section */

/* Begin PBXGroup section */
		GR0000000000000000000001 = {
			isa = PBXGroup;
			children = (
				GR0000000000000000000002 /* SlapPaper */,
				GR0000000000000000000003 /* SlapPaperTests */,
				GR0000000000000000000004 /* Products */,
			);
			sourceTree = "<group>";
		};
		GR0000000000000000000002 /* SlapPaper */ = {
			isa = PBXGroup;
			children = (
				FR0000000000000000000001 /* Constants.swift */,
				FR0000000000000000000002 /* SettingsMigration.swift */,
				FR0000000000000000000003 /* SlapPaperApp.swift */,
				FR0000000000000000000004 /* AppController.swift */,
				GR0000000000000000000005 /* Models */,
				GR0000000000000000000006 /* Services */,
				GR0000000000000000000007 /* Views */,
				GR0000000000000000000008 /* Resources */,
				FR000000000000000000000C /* Assets.xcassets */,
			);
			path = SlapPaper;
			sourceTree = "<group>";
		};
		GR0000000000000000000003 /* SlapPaperTests */ = {
			isa = PBXGroup;
			children = (
				FR0000000000000000000101 /* SlapPaperTests.swift */,
			);
			path = SlapPaperTests;
			sourceTree = "<group>";
		};
		GR0000000000000000000004 /* Products */ = {
			isa = PBXGroup;
			children = (
				FR00000000000000000000E1 /* SlapPaper.app */,
				FR00000000000000000000E2 /* SlapPaperTests.xctest */,
			);
			name = Products;
			sourceTree = "<group>";
		};
		GR0000000000000000000005 /* Models */ = {
			isa = PBXGroup;
			children = (
				FR0000000000000000000005 /* MottoStore.swift */,
				FR0000000000000000000006 /* GenerationState.swift */,
			);
			path = Models;
			sourceTree = "<group>";
		};
		GR0000000000000000000006 /* Services */ = {
			isa = PBXGroup;
			children = (
				FR0000000000000000000007 /* TextLayout.swift */,
				FR0000000000000000000008 /* WallpaperGenerator.swift */,
				FR0000000000000000000009 /* FinderWatcher.swift */,
			);
			path = Services;
			sourceTree = "<group>";
		};
		GR0000000000000000000007 /* Views */ = {
			isa = PBXGroup;
			children = (
				FR000000000000000000000A /* MottoEditorView.swift */,
			);
			path = Views;
			sourceTree = "<group>";
		};
		GR0000000000000000000008 /* Resources */ = {
			isa = PBXGroup;
			children = (
				FR000000000000000000000B /* motto.json */,
			);
			path = Resources;
			sourceTree = "<group>";
		};
/* End PBXGroup section */

/* Begin PBXNativeTarget section */
		NT0000000000000000000001 /* SlapPaper */ = {
			isa = PBXNativeTarget;
			buildConfigurationList = CL0000000000000000000001 /* Build configuration list for PBXNativeTarget "SlapPaper" */;
			buildPhases = (
				SR0000000000000000000001 /* Sources */,
				FW0000000000000000000001 /* Frameworks */,
				RS0000000000000000000001 /* Resources */,
			);
			buildRules = (
			);
			dependencies = (
			);
			name = SlapPaper;
			productName = SlapPaper;
			productReference = FR00000000000000000000E1 /* SlapPaper.app */;
			productType = "com.apple.product-type.application";
		};
		NT0000000000000000000002 /* SlapPaperTests */ = {
			isa = PBXNativeTarget;
			buildConfigurationList = CL0000000000000000000002 /* Build configuration list for PBXNativeTarget "SlapPaperTests" */;
			buildPhases = (
				SR0000000000000000000002 /* Sources */,
				FW0000000000000000000002 /* Frameworks */,
			);
			buildRules = (
			);
			dependencies = (
				TD0000000000000000000001 /* PBXTargetDependency */,
			);
			name = SlapPaperTests;
			productName = SlapPaperTests;
			productReference = FR00000000000000000000E2 /* SlapPaperTests.xctest */;
			productType = "com.apple.product-type.bundle.unit-test";
		};
/* End PBXNativeTarget section */

/* Begin PBXProject section */
		PR0000000000000000000001 /* Project object */ = {
			isa = PBXProject;
			attributes = {
				BuildIndependentTargetsInParallel = 1;
				LastSwiftUpdateCheck = 1500;
				LastUpgradeCheck = 1500;
				TargetAttributes = {
					NT0000000000000000000001 = {
						CreatedOnToolsVersion = 15.0;
					};
					NT0000000000000000000002 = {
						CreatedOnToolsVersion = 15.0;
						TestTargetID = NT0000000000000000000001;
					};
				};
			};
			buildConfigurationList = CL0000000000000000000003 /* Build configuration list for PBXProject "SlapPaper" */;
			compatibilityVersion = "Xcode 14.0";
			developmentRegion = en;
			hasScannedForEncodings = 0;
			knownRegions = (
				en,
				Base,
			);
			mainGroup = GR0000000000000000000001;
			productRefGroup = GR0000000000000000000004 /* Products */;
			projectDirPath = "";
			projectRoot = "";
			targets = (
				NT0000000000000000000001 /* SlapPaper */,
				NT0000000000000000000002 /* SlapPaperTests */,
			);
		};
/* End PBXProject section */

/* Begin PBXResourcesBuildPhase section */
		RS0000000000000000000001 /* Resources */ = {
			isa = PBXResourcesBuildPhase;
			buildActionMask = 2147483647;
			files = (
				BF000000000000000000000B /* motto.json in Resources */,
				BF000000000000000000000C /* Assets.xcassets in Resources */,
			);
			runOnlyForDeploymentPostprocessing = 0;
		};
/* End PBXResourcesBuildPhase section */

/* Begin PBXSourcesBuildPhase section */
		SR0000000000000000000001 /* Sources */ = {
			isa = PBXSourcesBuildPhase;
			buildActionMask = 2147483647;
			files = (
				BF0000000000000000000001 /* Constants.swift in Sources */,
				BF0000000000000000000002 /* SettingsMigration.swift in Sources */,
				BF0000000000000000000003 /* SlapPaperApp.swift in Sources */,
				BF0000000000000000000004 /* AppController.swift in Sources */,
				BF0000000000000000000005 /* MottoStore.swift in Sources */,
				BF0000000000000000000006 /* GenerationState.swift in Sources */,
				BF0000000000000000000007 /* TextLayout.swift in Sources */,
				BF0000000000000000000008 /* WallpaperGenerator.swift in Sources */,
				BF0000000000000000000009 /* FinderWatcher.swift in Sources */,
				BF000000000000000000000A /* MottoEditorView.swift in Sources */,
			);
			runOnlyForDeploymentPostprocessing = 0;
		};
		SR0000000000000000000002 /* Sources */ = {
			isa = PBXSourcesBuildPhase;
			buildActionMask = 2147483647;
			files = (
				BF0000000000000000000101 /* SlapPaperTests.swift in Sources */,
			);
			runOnlyForDeploymentPostprocessing = 0;
		};
/* End PBXSourcesBuildPhase section */

/* Begin PBXTargetDependency section */
		TD0000000000000000000001 /* PBXTargetDependency */ = {
			isa = PBXTargetDependency;
			target = NT0000000000000000000001 /* SlapPaper */;
			targetProxy = CP0000000000000000000001 /* PBXContainerItemProxy */;
		};
/* End PBXTargetDependency section */

/* Begin PBXContainerItemProxy section */
		CP0000000000000000000001 /* PBXContainerItemProxy */ = {
			isa = PBXContainerItemProxy;
			containerPortal = PR0000000000000000000001 /* Project object */;
			proxyType = 1;
			remoteGlobalIDString = NT0000000000000000000001;
			remoteInfo = SlapPaper;
		};
/* End PBXContainerItemProxy section */

/* Begin XCBuildConfiguration section */
		CC0000000000000000000001 /* Debug */ = {
			isa = XCBuildConfiguration;
			buildSettings = {
				ALWAYS_SEARCH_USER_PATHS = NO;
				ASSETCATALOG_COMPILER_GENERATE_SWIFT_ASSET_SYMBOL_EXTENSIONS = YES;
				CLANG_ENABLE_MODULES = YES;
				COPY_PHASE_STRIP = NO;
				DEBUG_INFORMATION_FORMAT = dwarf;
				ENABLE_STRICT_OBJC_MSGSEND = YES;
				ENABLE_TESTABILITY = YES;
				GCC_DYNAMIC_NO_PIC = NO;
				GCC_OPTIMIZATION_LEVEL = 0;
				GCC_PREPROCESSOR_DEFINITIONS = (
					"DEBUG=1",
					"$(inherited)",
				);
				MACOSX_DEPLOYMENT_TARGET = 13.0;
				ONLY_ACTIVE_ARCH = YES;
				SDKROOT = macosx;
				SWIFT_ACTIVE_COMPILATION_CONDITIONS = DEBUG;
				SWIFT_OPTIMIZATION_LEVEL = "-Onone";
			};
			name = Debug;
		};
		CC0000000000000000000002 /* Release */ = {
			isa = XCBuildConfiguration;
			buildSettings = {
				ALWAYS_SEARCH_USER_PATHS = NO;
				ASSETCATALOG_COMPILER_GENERATE_SWIFT_ASSET_SYMBOL_EXTENSIONS = YES;
				CLANG_ENABLE_MODULES = YES;
				COPY_PHASE_STRIP = NO;
				DEBUG_INFORMATION_FORMAT = "dwarf-with-dsym";
				ENABLE_NS_ASSERTIONS = NO;
				ENABLE_STRICT_OBJC_MSGSEND = YES;
				MACOSX_DEPLOYMENT_TARGET = 13.0;
				SDKROOT = macosx;
				SWIFT_COMPILATION_MODE = wholemodule;
			};
			name = Release;
		};
		CC0000000000000000000003 /* Debug */ = {
			isa = XCBuildConfiguration;
			buildSettings = {
				ASSETCATALOG_COMPILER_APPICON_NAME = AppIcon;
				ASSETCATALOG_COMPILER_GLOBAL_ACCENT_COLOR_NAME = AccentColor;
				CODE_SIGN_STYLE = Automatic;
				COMBINE_HIDPI_IMAGES = YES;
				CURRENT_PROJECT_VERSION = 1;
				DEVELOPMENT_TEAM = "";
				ENABLE_HARDENED_RUNTIME = YES;
				GENERATE_INFOPLIST_FILE = YES;
				INFOPLIST_KEY_CFBundleDisplayName = SlapPaper;
				INFOPLIST_KEY_LSUIElement = YES;
				INFOPLIST_KEY_NSHumanReadableCopyright = "";
				LD_RUNPATH_SEARCH_PATHS = (
					"$(inherited)",
					"@executable_path/../Frameworks",
				);
				MARKETING_VERSION = 1.3.1;
				PRODUCT_BUNDLE_IDENTIFIER = com.slappaper.app;
				PRODUCT_NAME = "$(TARGET_NAME)";
				SWIFT_EMIT_LOC_STRINGS = YES;
				SWIFT_VERSION = 5.0;
			};
			name = Debug;
		};
		CC0000000000000000000004 /* Release */ = {
			isa = XCBuildConfiguration;
			buildSettings = {
				ASSETCATALOG_COMPILER_APPICON_NAME = AppIcon;
				ASSETCATALOG_COMPILER_GLOBAL_ACCENT_COLOR_NAME = AccentColor;
				CODE_SIGN_STYLE = Automatic;
				COMBINE_HIDPI_IMAGES = YES;
				CURRENT_PROJECT_VERSION = 1;
				DEVELOPMENT_TEAM = "";
				ENABLE_HARDENED_RUNTIME = YES;
				GENERATE_INFOPLIST_FILE = YES;
				INFOPLIST_KEY_CFBundleDisplayName = SlapPaper;
				INFOPLIST_KEY_LSUIElement = YES;
				INFOPLIST_KEY_NSHumanReadableCopyright = "";
				LD_RUNPATH_SEARCH_PATHS = (
					"$(inherited)",
					"@executable_path/../Frameworks",
				);
				MARKETING_VERSION = 1.3.1;
				PRODUCT_BUNDLE_IDENTIFIER = com.slappaper.app;
				PRODUCT_NAME = "$(TARGET_NAME)";
				SWIFT_EMIT_LOC_STRINGS = YES;
				SWIFT_VERSION = 5.0;
			};
			name = Release;
		};
		CC0000000000000000000005 /* Debug */ = {
			isa = XCBuildConfiguration;
			buildSettings = {
				BUNDLE_LOADER = "$(TEST_HOST)";
				CODE_SIGN_STYLE = Automatic;
				CURRENT_PROJECT_VERSION = 1;
				DEVELOPMENT_TEAM = "";
				GENERATE_INFOPLIST_FILE = YES;
				MACOSX_DEPLOYMENT_TARGET = 13.0;
				MARKETING_VERSION = 1.3.1;
				PRODUCT_BUNDLE_IDENTIFIER = com.slappaper.app.tests;
				PRODUCT_NAME = "$(TARGET_NAME)";
				SWIFT_EMIT_LOC_STRINGS = NO;
				SWIFT_VERSION = 5.0;
				TEST_HOST = "$(BUILT_PRODUCTS_DIR)/SlapPaper.app/Contents/MacOS/SlapPaper";
			};
			name = Debug;
		};
		CC0000000000000000000006 /* Release */ = {
			isa = XCBuildConfiguration;
			buildSettings = {
				BUNDLE_LOADER = "$(TEST_HOST)";
				CODE_SIGN_STYLE = Automatic;
				CURRENT_PROJECT_VERSION = 1;
				DEVELOPMENT_TEAM = "";
				GENERATE_INFOPLIST_FILE = YES;
				MACOSX_DEPLOYMENT_TARGET = 13.0;
				MARKETING_VERSION = 1.3.1;
				PRODUCT_BUNDLE_IDENTIFIER = com.slappaper.app.tests;
				PRODUCT_NAME = "$(TARGET_NAME)";
				SWIFT_EMIT_LOC_STRINGS = NO;
				SWIFT_VERSION = 5.0;
				TEST_HOST = "$(BUILT_PRODUCTS_DIR)/SlapPaper.app/Contents/MacOS/SlapPaper";
			};
			name = Release;
		};
/* End XCBuildConfiguration section */

/* Begin XCConfigurationList section */
		CL0000000000000000000001 /* Build configuration list for PBXNativeTarget "SlapPaper" */ = {
			isa = XCConfigurationList;
			buildConfigurations = (
				CC0000000000000000000003 /* Debug */,
				CC0000000000000000000004 /* Release */,
			);
			defaultConfigurationIsVisible = 0;
			defaultConfigurationName = Release;
		};
		CL0000000000000000000002 /* Build configuration list for PBXNativeTarget "SlapPaperTests" */ = {
			isa = XCConfigurationList;
			buildConfigurations = (
				CC0000000000000000000005 /* Debug */,
				CC0000000000000000000006 /* Release */,
			);
			defaultConfigurationIsVisible = 0;
			defaultConfigurationName = Release;
		};
		CL0000000000000000000003 /* Build configuration list for PBXProject "SlapPaper" */ = {
			isa = XCConfigurationList;
			buildConfigurations = (
				CC0000000000000000000001 /* Debug */,
				CC0000000000000000000002 /* Release */,
			);
			defaultConfigurationIsVisible = 0;
			defaultConfigurationName = Release;
		};
/* End XCConfigurationList section */
	};
	rootObject = PR0000000000000000000001 /* Project object */;
}
